// !$*UTF8*$!
{
	archiveVersion = 1;
	classes = {
	};
	objectVersion = 45;
	objects = {

/* Begin PBXBuildFile section */
		AA747D9F0F9514B9006C5449 /* ContextFramework_Prefix.pch in Headers */ = {isa = PBXBuildFile; fileRef = AA747D9E0F9514B9006C5449 /* ContextFramework_Prefix.pch */; };
		AACBBE4A0F95108600F1A2B1 /* Foundation.framework in Frameworks */ = {isa = PBXBuildFile; fileRef = AACBBE490F95108600F1A2B1 /* Foundation.framework */; };
		DC77A8EA10CFD93A0027E2B4 /* CoreLocation.framework in Frameworks */ = {isa = PBXBuildFile; fileRef = DC77A8E910CFD93A0027E2B4 /* CoreLocation.framework */; };
		DC9ED4361105FD2C00217F76 /* ContextAttribute.h in Headers */ = {isa = PBXBuildFile; fileRef = DC9ED4281105FD2C00217F76 /* ContextAttribute.h */; };
		DC9ED4371105FD2C00217F76 /* ContextAttribute.m in Sources */ = {isa = PBXBuildFile; fileRef = DC9ED4291105FD2C00217F76 /* ContextAttribute.m */; };
		DC9ED4381105FD2C00217F76 /* ContextService.h in Headers */ = {isa = PBXBuildFile; fileRef = DC9ED42A1105FD2C00217F76 /* ContextService.h */; };
		DC9ED4391105FD2C00217F76 /* ContextService.m in Sources */ = {isa = PBXBuildFile; fileRef = DC9ED42B1105FD2C00217F76 /* ContextService.m */; };
		DC9ED43A1105FD2C00217F76 /* ContextSource.h in Headers */ = {isa = PBXBuildFile; fileRef = DC9ED42D1105FD2C00217F76 /* ContextSource.h */; };
		DC9ED43B1105FD2C00217F76 /* ContextSource.m in Sources */ = {isa = PBXBuildFile; fileRef = DC9ED42E1105FD2C00217F76 /* ContextSource.m */; };
		DC9ED43C1105FD2C00217F76 /* IContextSource.h in Headers */ = {isa = PBXBuildFile; fileRef = DC9ED42F1105FD2C00217F76 /* IContextSource.h */; };
		DC9ED43D1105FD2C00217F76 /* LocationContextSource.h in Headers */ = {isa = PBXBuildFile; fileRef = DC9ED4301105FD2C00217F76 /* LocationContextSource.h */; };
		DC9ED43E1105FD2C00217F76 /* LocationContextSource.m in Sources */ = {isa = PBXBuildFile; fileRef = DC9ED4311105FD2C00217F76 /* LocationContextSource.m */; };
		DC9ED43F1105FD2C00217F76 /* OrientationContextSource.h in Headers */ = {isa = PBXBuildFile; fileRef = DC9ED4321105FD2C00217F76 /* OrientationContextSource.h */; };
		DC9ED4401105FD2C00217F76 /* OrientationContextSource.m in Sources */ = {isa = PBXBuildFile; fileRef = DC9ED4331105FD2C00217F76 /* OrientationContextSource.m */; };
		DC9ED4411105FD2C00217F76 /* TimeContextSource.h in Headers */ = {isa = PBXBuildFile; fileRef = DC9ED4341105FD2C00217F76 /* TimeContextSource.h */; };
		DC9ED4421105FD2C00217F76 /* TimeContextSource.m in Sources */ = {isa = PBXBuildFile; fileRef = DC9ED4351105FD2C00217F76 /* TimeContextSource.m */; };
/* End PBXBuildFile section */

/* Begin PBXFileReference section */
		AA747D9E0F9514B9006C5449 /* ContextFramework_Prefix.pch */ = {isa = PBXFileReference; fileEncoding = 4; lastKnownFileType = sourcecode.c.h; path = ContextFramework_Prefix.pch; sourceTree = SOURCE_ROOT; };
		AACBBE490F95108600F1A2B1 /* Foundation.framework */ = {isa = PBXFileReference; lastKnownFileType = wrapper.framework; name = Foundation.framework; path = System/Library/Frameworks/Foundation.framework; sourceTree = SDKROOT; };
		D2AAC07E0554694100DB518D /* libContextFramework.a */ = {isa = PBXFileReference; explicitFileType = archive.ar; includeInIndex = 0; path = libContextFramework.a; sourceTree = BUILT_PRODUCTS_DIR; };
		DC77A8E910CFD93A0027E2B4 /* CoreLocation.framework */ = {isa = PBXFileReference; lastKnownFileType = wrapper.framework; name = CoreLocation.framework; path = System/Library/Frameworks/CoreLocation.framework; sourceTree = SDKROOT; };
		DC9ED4281105FD2C00217F76 /* ContextAttribute.h */ = {isa = PBXFileReference; fileEncoding = 4; lastKnownFileType = sourcecode.c.h; path = ContextAttribute.h; sourceTree = "<group>"; };
		DC9ED4291105FD2C00217F76 /* ContextAttribute.m */ = {isa = PBXFileReference; fileEncoding = 4; lastKnownFileType = sourcecode.c.objc; path = ContextAttribute.m; sourceTree = "<group>"; };
		DC9ED42A1105FD2C00217F76 /* ContextService.h */ = {isa = PBXFileReference; fileEncoding = 4; lastKnownFileType = sourcecode.c.h; path = ContextService.h; sourceTree = "<group>"; };
		DC9ED42B1105FD2C00217F76 /* ContextService.m */ = {isa = PBXFileReference; fileEncoding = 4; lastKnownFileType = sourcecode.c.objc; path = ContextService.m; sourceTree = "<group>"; };
		DC9ED42D1105FD2C00217F76 /* ContextSource.h */ = {isa = PBXFileReference; fileEncoding = 4; lastKnownFileType = sourcecode.c.h; path = ContextSource.h; sourceTree = "<group>"; };
		DC9ED42E1105FD2C00217F76 /* ContextSource.m */ = {isa = PBXFileReference; fileEncoding = 4; lastKnownFileType = sourcecode.c.objc; path = ContextSource.m; sourceTree = "<group>"; };
		DC9ED42F1105FD2C00217F76 /* IContextSource.h */ = {isa = PBXFileReference; fileEncoding = 4; lastKnownFileType = sourcecode.c.h; path = IContextSource.h; sourceTree = "<group>"; };
		DC9ED4301105FD2C00217F76 /* LocationContextSource.h */ = {isa = PBXFileReference; fileEncoding = 4; lastKnownFileType = sourcecode.c.h; path = LocationContextSource.h; sourceTree = "<group>"; };
		DC9ED4311105FD2C00217F76 /* LocationContextSource.m */ = {isa = PBXFileReference; fileEncoding = 4; lastKnownFileType = sourcecode.c.objc; path = LocationContextSource.m; sourceTree = "<group>"; };
		DC9ED4321105FD2C00217F76 /* OrientationContextSource.h */ = {isa = PBXFileReference; fileEncoding = 4; lastKnownFileType = sourcecode.c.h; path = OrientationContextSource.h; sourceTree = "<group>"; };
		DC9ED4331105FD2C00217F76 /* OrientationContextSource.m */ = {isa = PBXFileReference; fileEncoding = 4; lastKnownFileType = sourcecode.c.objc; path = OrientationContextSource.m; sourceTree = "<group>"; };
		DC9ED4341105FD2C00217F76 /* TimeContextSource.h */ = {isa = PBXFileReference; fileEncoding = 4; lastKnownFileType = sourcecode.c.h; path = TimeContextSource.h; sourceTree = "<group>"; };
		DC9ED4351105FD2C00217F76 /* TimeContextSource.m */ = {isa = PBXFileReference; fileEncoding = 4; lastKnownFileType = sourcecode.c.objc; path = TimeContextSource.m; sourceTree = "<group>"; };
/* End PBXFileReference section */

/* Begin PBXFrameworksBuildPhase section */
		D2AAC07C0554694100DB518D /* Frameworks */ = {
			isa = PBXFrameworksBuildPhase;
			buildActionMask = 2147483647;
			files = (
				AACBBE4A0F95108600F1A2B1 /* Foundation.framework in Frameworks */,
				DC77A8EA10CFD93A0027E2B4 /* CoreLocation.framework in Frameworks */,
			);
			runOnlyForDeploymentPostprocessing = 0;
		};
/* End PBXFrameworksBuildPhase section */

/* Begin PBXGroup section */
		034768DFFF38A50411DB9C8B /* Products */ = {
			isa = PBXGroup;
			children = (
				D2AAC07E0554694100DB518D /* libContextFramework.a */,
			);
			name = Products;
			sourceTree = "<group>";
		};
		0867D691FE84028FC02AAC07 /* ContextFramework */ = {
			isa = PBXGroup;
			children = (
				DC9ED4261105FD2C00217F76 /* Classes */,
				32C88DFF0371C24200C91783 /* Other Sources */,
				0867D69AFE84028FC02AAC07 /* Frameworks */,
				034768DFFF38A50411DB9C8B /* Products */,
			);
			name = ContextFramework;
			sourceTree = "<group>";
		};
		0867D69AFE84028FC02AAC07 /* Frameworks */ = {
			isa = PBXGroup;
			children = (
				AACBBE490F95108600F1A2B1 /* Foundation.framework */,
				DC77A8E910CFD93A0027E2B4 /* CoreLocation.framework */,
			);
			name = Frameworks;
			sourceTree = "<group>";
		};
		32C88DFF0371C24200C91783 /* Other Sources */ = {
			isa = PBXGroup;
			children = (
				AA747D9E0F9514B9006C5449 /* ContextFramework_Prefix.pch */,
			);
			name = "Other Sources";
			sourceTree = "<group>";
		};
		DC9ED4261105FD2C00217F76 /* Classes */ = {
			isa = PBXGroup;
			children = (
				DC9ED4271105FD2C00217F76 /* ContextComponents */,
				DC9ED42C1105FD2C00217F76 /* ContextSources */,
				DC9ED42A1105FD2C00217F76 /* ContextService.h */,
				DC9ED42B1105FD2C00217F76 /* ContextService.m */,
			);
			path = Classes;
			sourceTree = "<group>";
		};
		DC9ED4271105FD2C00217F76 /* ContextComponents */ = {
			isa = PBXGroup;
			children = (
				DC9ED4281105FD2C00217F76 /* ContextAttribute.h */,
				DC9ED4291105FD2C00217F76 /* ContextAttribute.m */,
			);
			path = ContextComponents;
			sourceTree = "<group>";
		};
		DC9ED42C1105FD2C00217F76 /* ContextSources */ = {
			isa = PBXGroup;
			children = (
				DC9ED42D1105FD2C00217F76 /* ContextSource.h */,
				DC9ED42E1105FD2C00217F76 /* ContextSource.m */,
				DC9ED42F1105FD2C00217F76 /* IContextSource.h */,
				DC9ED4301105FD2C00217F76 /* LocationContextSource.h */,
				DC9ED4311105FD2C00217F76 /* LocationContextSource.m */,
				DC9ED4321105FD2C00217F76 /* OrientationContextSource.h */,
				DC9ED4331105FD2C00217F76 /* OrientationContextSource.m */,
				DC9ED4341105FD2C00217F76 /* TimeContextSource.h */,
				DC9ED4351105FD2C00217F76 /* TimeContextSource.m */,
			);
			path = ContextSources;
			sourceTree = "<group>";
		};
/* End PBXGroup section */

/* Begin PBXHeadersBuildPhase section */
		D2AAC07A0554694100DB518D /* Headers */ = {
			isa = PBXHeadersBuildPhase;
			buildActionMask = 2147483647;
			files = (
				AA747D9F0F9514B9006C5449 /* ContextFramework_Prefix.pch in Headers */,
				DC9ED4361105FD2C00217F76 /* ContextAttribute.h in Headers */,
				DC9ED4381105FD2C00217F76 /* ContextService.h in Headers */,
				DC9ED43A1105FD2C00217F76 /* ContextSource.h in Headers */,
				DC9ED43C1105FD2C00217F76 /* IContextSource.h in Headers */,
				DC9ED43D1105FD2C00217F76 /* LocationContextSource.h in Headers */,
				DC9ED43F1105FD2C00217F76 /* OrientationContextSource.h in Headers */,
				DC9ED4411105FD2C00217F76 /* TimeContextSource.h in Headers */,
			);
			runOnlyForDeploymentPostprocessing = 0;
		};
/* End PBXHeadersBuildPhase section */

/* Begin PBXNativeTarget section */
		D2AAC07D0554694100DB518D /* ContextFramework */ = {
			isa = PBXNativeTarget;
			buildConfigurationList = 1DEB921E08733DC00010E9CD /* Build configuration list for PBXNativeTarget "ContextFramework" */;
			buildPhases = (
				D2AAC07A0554694100DB518D /* Headers */,
				D2AAC07B0554694100DB518D /* Sources */,
				D2AAC07C0554694100DB518D /* Frameworks */,
			);
			buildRules = (
			);
			dependencies = (
			);
			name = ContextFramework;
			productName = ContextFramework;
			productReference = D2AAC07E0554694100DB518D /* libContextFramework.a */;
			productType = "com.apple.product-type.library.static";
		};
/* End PBXNativeTarget section */

/* Begin PBXProject section */
		0867D690FE84028FC02AAC07 /* Project object */ = {
			isa = PBXProject;
			attributes = {
				ORGANIZATIONNAME = "Felix Mueller (felixmueller@mac.com)";
			};
			buildConfigurationList = 1DEB922208733DC00010E9CD /* Build configuration list for PBXProject "ContextFramework" */;
			compatibilityVersion = "Xcode 3.1";
			hasScannedForEncodings = 1;
			mainGroup = 0867D691FE84028FC02AAC07 /* ContextFramework */;
			productRefGroup = 034768DFFF38A50411DB9C8B /* Products */;
			projectDirPath = "";
			projectRoot = "";
			targets = (
				D2AAC07D0554694100DB518D /* ContextFramework */,
			);
		};
/* End PBXProject section */

/* Begin PBXSourcesBuildPhase section */
		D2AAC07B0554694100DB518D /* Sources */ = {
			isa = PBXSourcesBuildPhase;
			buildActionMask = 2147483647;
			files = (
				DC9ED4371105FD2C00217F76 /* ContextAttribute.m in Sources */,
				DC9ED4391105FD2C00217F76 /* ContextService.m in Sources */,
				DC9ED43B1105FD2C00217F76 /* ContextSource.m in Sources */,
				DC9ED43E1105FD2C00217F76 /* LocationContextSource.m in Sources */,
				DC9ED4401105FD2C00217F76 /* OrientationContextSource.m in Sources */,
				DC9ED4421105FD2C00217F76 /* TimeContextSource.m in Sources */,
			);
			runOnlyForDeploymentPostprocessing = 0;
		};
/* End PBXSourcesBuildPhase section */

/* Begin XCBuildConfiguration section */
		1DEB921F08733DC00010E9CD /* Debug */ = {
			isa = XCBuildConfiguration;
			buildSettings = {
				ALWAYS_SEARCH_USER_PATHS = NO;
				ARCHS = "$(ARCHS_STANDARD_32_BIT)";
				COPY_PHASE_STRIP = NO;
				DSTROOT = /tmp/ContextFramework.dst;
				GCC_DYNAMIC_NO_PIC = NO;
				GCC_ENABLE_FIX_AND_CONTINUE = YES;
				GCC_MODEL_TUNING = G5;
				GCC_OPTIMIZATION_LEVEL = 0;
				GCC_PRECOMPILE_PREFIX_HEADER = YES;
				GCC_PREFIX_HEADER = ContextFramework_Prefix.pch;
				INSTALL_PATH = /usr/local/lib;
				PRODUCT_NAME = ContextFramework;
			};
			name = Debug;
		};
		1DEB922008733DC00010E9CD /* Release */ = {
			isa = XCBuildConfiguration;
			buildSettings = {
				ALWAYS_SEARCH_USER_PATHS = NO;
				ARCHS = "$(ARCHS_STANDARD_32_BIT)";
				DSTROOT = /tmp/ContextFramework.dst;
				GCC_MODEL_TUNING = G5;
				GCC_PRECOMPILE_PREFIX_HEADER = YES;
				GCC_PREFIX_HEADER = ContextFramework_Prefix.pch;
				INSTALL_PATH = /usr/local/lib;
				PRODUCT_NAME = ContextFramework;
			};
			name = Release;
		};
		1DEB922308733DC00010E9CD /* Debug */ = {
			isa = XCBuildConfiguration;
			buildSettings = {
				ARCHS = "$(ARCHS_STANDARD_32_BIT)";
				GCC_C_LANGUAGE_STANDARD = c99;
				GCC_OPTIMIZATION_LEVEL = 0;
				GCC_WARN_ABOUT_RETURN_TYPE = YES;
				GCC_WARN_UNUSED_VARIABLE = YES;
				OTHER_LDFLAGS = "-ObjC";
				PREBINDING = NO;
				SDKROOT = iphoneos3.1.2;
			};
			name = Debug;
		};
		1DEB922408733DC00010E9CD /* Release */ = {
			isa = XCBuildConfiguration;
			buildSettings = {
				ARCHS = "$(ARCHS_STANDARD_32_BIT)";
				GCC_C_LANGUAGE_STANDARD = c99;
				GCC_WARN_ABOUT_RETURN_TYPE = YES;
				GCC_WARN_UNUSED_VARIABLE = YES;
				OTHER_LDFLAGS = "-ObjC";
				PREBINDING = NO;
				SDKROOT = iphoneos3.1.2;
			};
			name = Release;
		};
/* End XCBuildConfiguration section */

/* Begin XCConfigurationList section */
		1DEB921E08733DC00010E9CD /* Build configuration list for PBXNativeTarget "ContextFramework" */ = {
			isa = XCConfigurationList;
			buildConfigurations = (
				1DEB921F08733DC00010E9CD /* Debug */,
				1DEB922008733DC00010E9CD /* Release */,
			);
			defaultConfigurationIsVisible = 0;
			defaultConfigurationName = Release;
		};
		1DEB922208733DC00010E9CD /* Build configuration list for PBXProject "ContextFramework" */ = {
			isa = XCConfigurationList;
			buildConfigurations = (
				1DEB922308733DC00010E9CD /* Debug */,
				1DEB922408733DC00010E9CD /* Release */,
			);
			defaultConfigurationIsVisible = 0;
			defaultConfigurationName = Release;
		};
/* End XCConfigurationList section */
	};
	rootObject = 0867D690FE84028FC02AAC07 /* Project object */;
}
